
Microsoft Visual Studio Solution File, Format Version 12.00
# Visual Studio Version 17
VisualStudioVersion = 17.0.32014.148
MinimumVisualStudioVersion = 10.0.40219.1
Project("{9A19103F-16F7-4668-BE54-9A1E7A4F7556}") = "ShapeGridLibrary", "ShapeGridLibrary\ShapeGridLibrary.csproj", "{DA14AE8A-FBFF-4706-9F04-2D562B88D90D}"
EndProject
Project("{9A19103F-16F7-4668-BE54-9A1E7A4F7556}") = "ShapeGridLibraryTests", "ShapeGridLibraryTests\ShapeGridLibraryTests.csproj", "{78BAB5D1-E864-4900-A666-982EA0897C6D}"
EndProject
Project("{FAE04EC0-301F-11D3-BF4B-00C04F79EFBC}") = "ShapeGridAPI", "ShapeGridAPI\ShapeGridAPI.csproj", "{F0E82F5A-FE9D-4F5C-8D13-2E4B570B89B6}"
EndProject
Global
	GlobalSection(SolutionConfigurationPlatforms) = preSolution
		Debug|Any CPU = Debug|Any CPU
		Release|Any CPU = Release|Any CPU
	EndGlobalSection
	GlobalSection(ProjectConfigurationPlatforms) = postSolution
		{DA14AE8A-FBFF-4706-9F04-2D562B88D90D}.Debug|Any CPU.ActiveCfg = Debug|Any CPU
		{DA14AE8A-FBFF-4706-9F04-2D562B88D90D}.Debug|Any CPU.Build.0 = Debug|Any CPU
		{DA14AE8A-FBFF-4706-9F04-2D562B88D90D}.Release|Any CPU.ActiveCfg = Release|Any CPU
		{DA14AE8A-FBFF-4706-9F04-2D562B88D90D}.Release|Any CPU.Build.0 = Release|Any CPU
		{78BAB5D1-E864-4900-A666-982EA0897C6D}.Debug|Any CPU.ActiveCfg = Debug|Any CPU
		{78BAB5D1-E864-4900-A666-982EA0897C6D}.Debug|Any CPU.Build.0 = Debug|Any CPU
		{78BAB5D1-E864-4900-A666-982EA0897C6D}.Release|Any CPU.ActiveCfg = Release|Any CPU
		{78BAB5D1-E864-4900-A666-982EA0897C6D}.Release|Any CPU.Build.0 = Release|Any CPU
		{F0E82F5A-FE9D-4F5C-8D13-2E4B570B89B6}.Debug|Any CPU.ActiveCfg = Debug|Any CPU
		{F0E82F5A-FE9D-4F5C-8D13-2E4B570B89B6}.Debug|Any CPU.Build.0 = Debug|Any CPU
		{F0E82F5A-FE9D-4F5C-8D13-2E4B570B89B6}.Release|Any CPU.ActiveCfg = Release|Any CPU
		{F0E82F5A-FE9D-4F5C-8D13-2E4B570B89B6}.Release|Any CPU.Build.0 = Release|Any CPU
	EndGlobalSection
	GlobalSection(SolutionProperties) = preSolution
		HideSolutionNode = FALSE
	EndGlobalSection
	GlobalSection(ExtensibilityGlobals) = postSolution
		SolutionGuid = {64D863EA-EEEE-441F-A453-4D40BF859CBD}
	EndGlobalSection
EndGlobal
